{
  "name": "DroneQDB",
  "lockfileVersion": 2,
  "requires": true,
  "packages": {
    "": {
      "dependencies": {
        "@types/node": "^18.11.10",
        "tocas": "^4.1.0"
      }
    },
    "node_modules/@types/node": {
      "version": "18.11.10",
      "resolved": "https://registry.npmjs.org/@types/node/-/node-18.11.10.tgz",
      "integrity": "sha512-juG3RWMBOqcOuXC643OAdSA525V44cVgGV6dUDuiFtss+8Fk5x1hI93Rsld43VeJVIeqlP9I7Fn9/qaVqoEAuQ=="
    },
    "node_modules/tocas": {
      "version": "4.1.0",
      "resolved": "https://registry.npmjs.org/tocas/-/tocas-4.1.0.tgz",
      "integrity": "sha512-DFYx5FcfKnjjTr6/yqvV+EmUkoG6QerUgVPib12l2ntDfRNxERHe5912xrKU24l3VtTTop0MgpUG9nJtagyc5A=="
    }
  },
  "dependencies": {
    "@types/node": {
      "version": "18.11.10",
      "resolved": "https://registry.npmjs.org/@types/node/-/node-18.11.10.tgz",
      "integrity": "sha512-juG3RWMBOqcOuXC643OAdSA525V44cVgGV6dUDuiFtss+8Fk5x1hI93Rsld43VeJVIeqlP9I7Fn9/qaVqoEAuQ=="
    },
    "tocas": {
      "version": "4.1.0",
      "resolved": "https://registry.npmjs.org/tocas/-/tocas-4.1.0.tgz",
      "integrity": "sha512-DFYx5FcfKnjjTr6/yqvV+EmUkoG6QerUgVPib12l2ntDfRNxERHe5912xrKU24l3VtTTop0MgpUG9nJtagyc5A=="
    }
  }
}
